
Microsoft Visual Studio Solution File, Format Version 12.00
# Visual Studio Version 17
VisualStudioVersion = 17.13.35919.96 d17.13
MinimumVisualStudioVersion = 10.0.40219.1
Project("{FAE04EC0-301F-11D3-BF4B-00C04F79EFBC}") = "ProtesisControl", "ProtesisControl\ProtesisControl.csproj", "{198BBF19-84D1-48D9-B0C9-3CE81000DFD8}"
EndProject
Global
	GlobalSection(SolutionConfigurationPlatforms) = preSolution
		Debug|Any CPU = Debug|Any CPU
		Release|Any CPU = Release|Any CPU
	EndGlobalSection
	GlobalSection(ProjectConfigurationPlatforms) = postSolution
		{198BBF19-84D1-48D9-B0C9-3CE81000DFD8}.Debug|Any CPU.ActiveCfg = Debug|Any CPU
		{198BBF19-84D1-48D9-B0C9-3CE81000DFD8}.Debug|Any CPU.Build.0 = Debug|Any CPU
		{198BBF19-84D1-48D9-B0C9-3CE81000DFD8}.Release|Any CPU.ActiveCfg = Release|Any CPU
		{198BBF19-84D1-48D9-B0C9-3CE81000DFD8}.Release|Any CPU.Build.0 = Release|Any CPU
	EndGlobalSection
	GlobalSection(SolutionProperties) = preSolution
		HideSolutionNode = FALSE
	EndGlobalSection
	GlobalSection(ExtensibilityGlobals) = postSolution
		SolutionGuid = {B31C54BA-B0EB-45D4-8A46-5ADCA50F69EF}
	EndGlobalSection
EndGlobal
